// !$*UTF8*$!
{
	archiveVersion = 1;
	classes = {
	};
	objectVersion = 50;
	objects = {

/* Begin PBXBuildFile section */
		04846FAEF6365DC342D3D664 /* Pods_RelaxUITests.framework in Frameworks */ = {isa = PBXBuildFile; fileRef = EA30D9CBDDC4902DE73B535D /* Pods_RelaxUITests.framework */; };
		5ABA7C62FF90D8E46AB270AF /* Pods_RelaxTests.framework in Frameworks */ = {isa = PBXBuildFile; fileRef = D356471AC767FA24E3ECE4C0 /* Pods_RelaxTests.framework */; };
		73A43FAFB8F0EC0DBAAD34F8 /* Pods_Relax.framework in Frameworks */ = {isa = PBXBuildFile; fileRef = D36264950ACA6C3F8A602730 /* Pods_Relax.framework */; };
		80590F5A215EBAEE00626407 /* AppDelegate.swift in Sources */ = {isa = PBXBuildFile; fileRef = 80590F59215EBAEE00626407 /* AppDelegate.swift */; };
		80590F5C215EBAEE00626407 /* ViewController.swift in Sources */ = {isa = PBXBuildFile; fileRef = 80590F5B215EBAEE00626407 /* ViewController.swift */; };
		80590F5F215EBAEE00626407 /* Main.storyboard in Resources */ = {isa = PBXBuildFile; fileRef = 80590F5D215EBAEE00626407 /* Main.storyboard */; };
		80590F61215EBAF000626407 /* Assets.xcassets in Resources */ = {isa = PBXBuildFile; fileRef = 80590F60215EBAF000626407 /* Assets.xcassets */; };
		80590F64215EBAF000626407 /* LaunchScreen.storyboard in Resources */ = {isa = PBXBuildFile; fileRef = 80590F62215EBAF000626407 /* LaunchScreen.storyboard */; };
		80590F6F215EBAF000626407 /* RelaxTests.swift in Sources */ = {isa = PBXBuildFile; fileRef = 80590F6E215EBAF000626407 /* RelaxTests.swift */; };
		80590F7A215EBAF000626407 /* RelaxUITests.swift in Sources */ = {isa = PBXBuildFile; fileRef = 80590F79215EBAF000626407 /* RelaxUITests.swift */; };
		80590F8C215EBD5600626407 /* Animation.swift in Sources */ = {isa = PBXBuildFile; fileRef = 80590F89215EBD5600626407 /* Animation.swift */; };
		80590F8D215EBD5600626407 /* UIColor.swift in Sources */ = {isa = PBXBuildFile; fileRef = 80590F8A215EBD5600626407 /* UIColor.swift */; };
		80590F8E215EBD5600626407 /* FromNib.swift in Sources */ = {isa = PBXBuildFile; fileRef = 80590F8B215EBD5600626407 /* FromNib.swift */; };
		80590F93215EBDCB00626407 /* TestBridgingHeader.m in Sources */ = {isa = PBXBuildFile; fileRef = 80590F92215EBDCB00626407 /* TestBridgingHeader.m */; };
		80590FC8215EC0F200626407 /* yp_video_like@2x.png in Resources */ = {isa = PBXBuildFile; fileRef = 80590F99215EC0F100626407 /* yp_video_like@2x.png */; };
		80590FC9215EC0F200626407 /* yp_video_like@3x.png in Resources */ = {isa = PBXBuildFile; fileRef = 80590F9A215EC0F100626407 /* yp_video_like@3x.png */; };
		80590FCA215EC0F200626407 /* YPDouYinLikeAnimation.m in Sources */ = {isa = PBXBuildFile; fileRef = 80590F9B215EC0F100626407 /* YPDouYinLikeAnimation.m */; };
		80590FCB215EC0F200626407 /* JPVideoPlayerDownloader.m in Sources */ = {isa = PBXBuildFile; fileRef = 80590F9F215EC0F100626407 /* JPVideoPlayerDownloader.m */; };
		80590FCC215EC0F200626407 /* JPVideoPlayerCache.m in Sources */ = {isa = PBXBuildFile; fileRef = 80590FA0215EC0F100626407 /* JPVideoPlayerCache.m */; };
		80590FCD215EC0F200626407 /* UIView+WebVideoCache.m in Sources */ = {isa = PBXBuildFile; fileRef = 80590FA3215EC0F100626407 /* UIView+WebVideoCache.m */; };
		80590FCE215EC0F200626407 /* JPVideoPlayerCompat.m in Sources */ = {isa = PBXBuildFile; fileRef = 80590FA4215EC0F100626407 /* JPVideoPlayerCompat.m */; };
		80590FCF215EC0F200626407 /* JPVideoPlayerResourceLoader.m in Sources */ = {isa = PBXBuildFile; fileRef = 80590FA8215EC0F100626407 /* JPVideoPlayerResourceLoader.m */; };
		80590FD0215EC0F200626407 /* JPVideoPlayerCacheFile.m in Sources */ = {isa = PBXBuildFile; fileRef = 80590FAD215EC0F100626407 /* JPVideoPlayerCacheFile.m */; };
		80590FD1215EC0F200626407 /* JPVideoPlayerControlViews.m in Sources */ = {isa = PBXBuildFile; fileRef = 80590FAE215EC0F100626407 /* JPVideoPlayerControlViews.m */; };
		80590FD2215EC0F200626407 /* JPVideoPlayer.bundle in Resources */ = {isa = PBXBuildFile; fileRef = 80590FB0215EC0F100626407 /* JPVideoPlayer.bundle */; };
		80590FD3215EC0F200626407 /* UITableView+WebVideoCache.m in Sources */ = {isa = PBXBuildFile; fileRef = 80590FB2215EC0F100626407 /* UITableView+WebVideoCache.m */; };
		80590FD4215EC0F200626407 /* JPVideoPlayerManager.m in Sources */ = {isa = PBXBuildFile; fileRef = 80590FB3215EC0F100626407 /* JPVideoPlayerManager.m */; };
		80590FD5215EC0F200626407 /* JPVideoPlayer.m in Sources */ = {isa = PBXBuildFile; fileRef = 80590FB7215EC0F100626407 /* JPVideoPlayer.m */; };
		80590FD6215EC0F200626407 /* JPVideoPlayerSupportUtils.m in Sources */ = {isa = PBXBuildFile; fileRef = 80590FB8215EC0F100626407 /* JPVideoPlayerSupportUtils.m */; };
		80590FD7215EC0F200626407 /* UITableViewCell+WebVideoCache.m in Sources */ = {isa = PBXBuildFile; fileRef = 80590FB9215EC0F100626407 /* UITableViewCell+WebVideoCache.m */; };
		80590FD8215EC0F200626407 /* JPVideoPlayerCachePath.m in Sources */ = {isa = PBXBuildFile; fileRef = 80590FBA215EC0F100626407 /* JPVideoPlayerCachePath.m */; };
		80590FD9215EC0F200626407 /* JPResourceLoadingRequestTask.m in Sources */ = {isa = PBXBuildFile; fileRef = 80590FBB215EC0F100626407 /* JPResourceLoadingRequestTask.m */; };
		80590FDA215EC0F200626407 /* VisionC+Scroll.swift in Sources */ = {isa = PBXBuildFile; fileRef = 80590FBE215EC0F100626407 /* VisionC+Scroll.swift */; };
		80590FDB215EC0F200626407 /* VisionController.swift in Sources */ = {isa = PBXBuildFile; fileRef = 80590FBF215EC0F100626407 /* VisionController.swift */; };
		80590FDC215EC0F200626407 /* ContentProvider.swift in Sources */ = {isa = PBXBuildFile; fileRef = 80590FC0215EC0F100626407 /* ContentProvider.swift */; };
		80590FDE215EC0F200626407 /* Video.xcassets in Resources */ = {isa = PBXBuildFile; fileRef = 80590FC2215EC0F100626407 /* Video.xcassets */; };
		80590FDF215EC0F200626407 /* VideoC+Gesture.swift in Sources */ = {isa = PBXBuildFile; fileRef = 80590FC3215EC0F100626407 /* VideoC+Gesture.swift */; };
		80590FE0215EC0F200626407 /* VideoController.swift in Sources */ = {isa = PBXBuildFile; fileRef = 80590FC4215EC0F100626407 /* VideoController.swift */; };
		80590FE1215EC0F200626407 /* JPVideoPlayerDouyinViewController.m in Sources */ = {isa = PBXBuildFile; fileRef = 80590FC7215EC0F100626407 /* JPVideoPlayerDouyinViewController.m */; };
/* End PBXBuildFile section */

/* Begin PBXContainerItemProxy section */
		80590F6B215EBAF000626407 /* PBXContainerItemProxy */ = {
			isa = PBXContainerItemProxy;
			containerPortal = 80590F4E215EBAEE00626407 /* Project object */;
			proxyType = 1;
			remoteGlobalIDString = 80590F55215EBAEE00626407;
			remoteInfo = Relax;
		};
		80590F76215EBAF000626407 /* PBXContainerItemProxy */ = {
			isa = PBXContainerItemProxy;
			containerPortal = 80590F4E215EBAEE00626407 /* Project object */;
			proxyType = 1;
			remoteGlobalIDString = 80590F55215EBAEE00626407;
			remoteInfo = Relax;
		};
/* End PBXContainerItemProxy section */

/* Begin PBXFileReference section */
		05934CCCC2613125C0DD7074 /* Pods-RelaxTests.release.xcconfig */ = {isa = PBXFileReference; includeInIndex = 1; lastKnownFileType = text.xcconfig; name = "Pods-RelaxTests.release.xcconfig"; path = "Pods/Target Support Files/Pods-RelaxTests/Pods-RelaxTests.release.xcconfig"; sourceTree = "<group>"; };
		18B96BF6A7BE0061DB6D9DA2 /* Pods-Relax.release.xcconfig */ = {isa = PBXFileReference; includeInIndex = 1; lastKnownFileType = text.xcconfig; name = "Pods-Relax.release.xcconfig"; path = "Pods/Target Support Files/Pods-Relax/Pods-Relax.release.xcconfig"; sourceTree = "<group>"; };
		7C84328948D5165BBD6FC4CC /* Pods-RelaxUITests.release.xcconfig */ = {isa = PBXFileReference; includeInIndex = 1; lastKnownFileType = text.xcconfig; name = "Pods-RelaxUITests.release.xcconfig"; path = "Pods/Target Support Files/Pods-RelaxUITests/Pods-RelaxUITests.release.xcconfig"; sourceTree = "<group>"; };
		80590F56215EBAEE00626407 /* Relax.app */ = {isa = PBXFileReference; explicitFileType = wrapper.application; includeInIndex = 0; path = Relax.app; sourceTree = BUILT_PRODUCTS_DIR; };
		80590F59215EBAEE00626407 /* AppDelegate.swift */ = {isa = PBXFileReference; lastKnownFileType = sourcecode.swift; path = AppDelegate.swift; sourceTree = "<group>"; };
		80590F5B215EBAEE00626407 /* ViewController.swift */ = {isa = PBXFileReference; lastKnownFileType = sourcecode.swift; path = ViewController.swift; sourceTree = "<group>"; };
		80590F5E215EBAEE00626407 /* Base */ = {isa = PBXFileReference; lastKnownFileType = file.storyboard; name = Base; path = Base.lproj/Main.storyboard; sourceTree = "<group>"; };
		80590F60215EBAF000626407 /* Assets.xcassets */ = {isa = PBXFileReference; lastKnownFileType = folder.assetcatalog; path = Assets.xcassets; sourceTree = "<group>"; };
		80590F63215EBAF000626407 /* Base */ = {isa = PBXFileReference; lastKnownFileType = file.storyboard; name = Base; path = Base.lproj/LaunchScreen.storyboard; sourceTree = "<group>"; };
		80590F65215EBAF000626407 /* Info.plist */ = {isa = PBXFileReference; lastKnownFileType = text.plist.xml; path = Info.plist; sourceTree = "<group>"; };
		80590F6A215EBAF000626407 /* RelaxTests.xctest */ = {isa = PBXFileReference; explicitFileType = wrapper.cfbundle; includeInIndex = 0; path = RelaxTests.xctest; sourceTree = BUILT_PRODUCTS_DIR; };
		80590F6E215EBAF000626407 /* RelaxTests.swift */ = {isa = PBXFileReference; lastKnownFileType = sourcecode.swift; path = RelaxTests.swift; sourceTree = "<group>"; };
		80590F70215EBAF000626407 /* Info.plist */ = {isa = PBXFileReference; lastKnownFileType = text.plist.xml; path = Info.plist; sourceTree = "<group>"; };
		80590F75215EBAF000626407 /* RelaxUITests.xctest */ = {isa = PBXFileReference; explicitFileType = wrapper.cfbundle; includeInIndex = 0; path = RelaxUITests.xctest; sourceTree = BUILT_PRODUCTS_DIR; };
		80590F79215EBAF000626407 /* RelaxUITests.swift */ = {isa = PBXFileReference; lastKnownFileType = sourcecode.swift; path = RelaxUITests.swift; sourceTree = "<group>"; };
		80590F7B215EBAF000626407 /* Info.plist */ = {isa = PBXFileReference; lastKnownFileType = text.plist.xml; path = Info.plist; sourceTree = "<group>"; };
		80590F89215EBD5600626407 /* Animation.swift */ = {isa = PBXFileReference; fileEncoding = 4; lastKnownFileType = sourcecode.swift; path = Animation.swift; sourceTree = "<group>"; };
		80590F8A215EBD5600626407 /* UIColor.swift */ = {isa = PBXFileReference; fileEncoding = 4; lastKnownFileType = sourcecode.swift; path = UIColor.swift; sourceTree = "<group>"; };
		80590F8B215EBD5600626407 /* FromNib.swift */ = {isa = PBXFileReference; fileEncoding = 4; lastKnownFileType = sourcecode.swift; path = FromNib.swift; sourceTree = "<group>"; };
		80590F8F215EBD6300626407 /* Relax-Bridging-Header.h */ = {isa = PBXFileReference; fileEncoding = 4; lastKnownFileType = sourcecode.c.h; path = "Relax-Bridging-Header.h"; sourceTree = "<group>"; };
		80590F91215EBDCB00626407 /* TestBridgingHeader.h */ = {isa = PBXFileReference; lastKnownFileType = sourcecode.c.h; path = TestBridgingHeader.h; sourceTree = "<group>"; };
		80590F92215EBDCB00626407 /* TestBridgingHeader.m */ = {isa = PBXFileReference; lastKnownFileType = sourcecode.c.objc; path = TestBridgingHeader.m; sourceTree = "<group>"; };
		80590F95215EC0F100626407 /* Relax_Vision-Bridging-Header.h */ = {isa = PBXFileReference; fileEncoding = 4; lastKnownFileType = sourcecode.c.h; path = "Relax_Vision-Bridging-Header.h"; sourceTree = "<group>"; };
		80590F97215EC0F100626407 /* YPDouYinLikeAnimation.h */ = {isa = PBXFileReference; fileEncoding = 4; lastKnownFileType = sourcecode.c.h; path = YPDouYinLikeAnimation.h; sourceTree = "<group>"; };
		80590F99215EC0F100626407 /* yp_video_like@2x.png */ = {isa = PBXFileReference; lastKnownFileType = image.png; path = "yp_video_like@2x.png"; sourceTree = "<group>"; };
		80590F9A215EC0F100626407 /* yp_video_like@3x.png */ = {isa = PBXFileReference; lastKnownFileType = image.png; path = "yp_video_like@3x.png"; sourceTree = "<group>"; };
		80590F9B215EC0F100626407 /* YPDouYinLikeAnimation.m */ = {isa = PBXFileReference; fileEncoding = 4; lastKnownFileType = sourcecode.c.objc; path = YPDouYinLikeAnimation.m; sourceTree = "<group>"; };
		80590F9D215EC0F100626407 /* JPVideoPlayerManager.h */ = {isa = PBXFileReference; fileEncoding = 4; lastKnownFileType = sourcecode.c.h; path = JPVideoPlayerManager.h; sourceTree = "<group>"; };
		80590F9E215EC0F100626407 /* UITableView+WebVideoCache.h */ = {isa = PBXFileReference; fileEncoding = 4; lastKnownFileType = sourcecode.c.h; path = "UITableView+WebVideoCache.h"; sourceTree = "<group>"; };
		80590F9F215EC0F100626407 /* JPVideoPlayerDownloader.m */ = {isa = PBXFileReference; fileEncoding = 4; lastKnownFileType = sourcecode.c.objc; path = JPVideoPlayerDownloader.m; sourceTree = "<group>"; };
		80590FA0215EC0F100626407 /* JPVideoPlayerCache.m */ = {isa = PBXFileReference; fileEncoding = 4; lastKnownFileType = sourcecode.c.objc; path = JPVideoPlayerCache.m; sourceTree = "<group>"; };
		80590FA1215EC0F100626407 /* JPVideoPlayerCacheFile.h */ = {isa = PBXFileReference; fileEncoding = 4; lastKnownFileType = sourcecode.c.h; path = JPVideoPlayerCacheFile.h; sourceTree = "<group>"; };
		80590FA2215EC0F100626407 /* JPVideoPlayerControlViews.h */ = {isa = PBXFileReference; fileEncoding = 4; lastKnownFileType = sourcecode.c.h; path = JPVideoPlayerControlViews.h; sourceTree = "<group>"; };
		80590FA3215EC0F100626407 /* UIView+WebVideoCache.m */ = {isa = PBXFileReference; fileEncoding = 4; lastKnownFileType = sourcecode.c.objc; path = "UIView+WebVideoCache.m"; sourceTree = "<group>"; };
		80590FA4215EC0F100626407 /* JPVideoPlayerCompat.m */ = {isa = PBXFileReference; fileEncoding = 4; lastKnownFileType = sourcecode.c.objc; path = JPVideoPlayerCompat.m; sourceTree = "<group>"; };
		80590FA5215EC0F100626407 /* JPVideoPlayerProtocol.h */ = {isa = PBXFileReference; fileEncoding = 4; lastKnownFileType = sourcecode.c.h; path = JPVideoPlayerProtocol.h; sourceTree = "<group>"; };
		80590FA6215EC0F100626407 /* JPVideoPlayerKit.h */ = {isa = PBXFileReference; fileEncoding = 4; lastKnownFileType = sourcecode.c.h; path = JPVideoPlayerKit.h; sourceTree = "<group>"; };
		80590FA7215EC0F100626407 /* JPVideoPlayer.h */ = {isa = PBXFileReference; fileEncoding = 4; lastKnownFileType = sourcecode.c.h; path = JPVideoPlayer.h; sourceTree = "<group>"; };
		80590FA8215EC0F100626407 /* JPVideoPlayerResourceLoader.m */ = {isa = PBXFileReference; fileEncoding = 4; lastKnownFileType = sourcecode.c.objc; path = JPVideoPlayerResourceLoader.m; sourceTree = "<group>"; };
		80590FA9215EC0F100626407 /* JPResourceLoadingRequestTask.h */ = {isa = PBXFileReference; fileEncoding = 4; lastKnownFileType = sourcecode.c.h; path = JPResourceLoadingRequestTask.h; sourceTree = "<group>"; };
		80590FAA215EC0F100626407 /* JPVideoPlayerCachePath.h */ = {isa = PBXFileReference; fileEncoding = 4; lastKnownFileType = sourcecode.c.h; path = JPVideoPlayerCachePath.h; sourceTree = "<group>"; };
		80590FAB215EC0F100626407 /* UITableViewCell+WebVideoCache.h */ = {isa = PBXFileReference; fileEncoding = 4; lastKnownFileType = sourcecode.c.h; path = "UITableViewCell+WebVideoCache.h"; sourceTree = "<group>"; };
		80590FAC215EC0F100626407 /* JPVideoPlayerSupportUtils.h */ = {isa = PBXFileReference; fileEncoding = 4; lastKnownFileType = sourcecode.c.h; path = JPVideoPlayerSupportUtils.h; sourceTree = "<group>"; };
		80590FAD215EC0F100626407 /* JPVideoPlayerCacheFile.m */ = {isa = PBXFileReference; fileEncoding = 4; lastKnownFileType = sourcecode.c.objc; path = JPVideoPlayerCacheFile.m; sourceTree = "<group>"; };
		80590FAE215EC0F100626407 /* JPVideoPlayerControlViews.m */ = {isa = PBXFileReference; fileEncoding = 4; lastKnownFileType = sourcecode.c.objc; path = JPVideoPlayerControlViews.m; sourceTree = "<group>"; };
		80590FAF215EC0F100626407 /* JPVideoPlayerCache.h */ = {isa = PBXFileReference; fileEncoding = 4; lastKnownFileType = sourcecode.c.h; path = JPVideoPlayerCache.h; sourceTree = "<group>"; };
		80590FB0215EC0F100626407 /* JPVideoPlayer.bundle */ = {isa = PBXFileReference; lastKnownFileType = "wrapper.plug-in"; path = JPVideoPlayer.bundle; sourceTree = "<group>"; };
		80590FB1215EC0F100626407 /* JPVideoPlayerDownloader.h */ = {isa = PBXFileReference; fileEncoding = 4; lastKnownFileType = sourcecode.c.h; path = JPVideoPlayerDownloader.h; sourceTree = "<group>"; };
		80590FB2215EC0F100626407 /* UITableView+WebVideoCache.m */ = {isa = PBXFileReference; fileEncoding = 4; lastKnownFileType = sourcecode.c.objc; path = "UITableView+WebVideoCache.m"; sourceTree = "<group>"; };
		80590FB3215EC0F100626407 /* JPVideoPlayerManager.m */ = {isa = PBXFileReference; fileEncoding = 4; lastKnownFileType = sourcecode.c.objc; path = JPVideoPlayerManager.m; sourceTree = "<group>"; };
		80590FB4215EC0F100626407 /* JPVideoPlayerCompat.h */ = {isa = PBXFileReference; fileEncoding = 4; lastKnownFileType = sourcecode.c.h; path = JPVideoPlayerCompat.h; sourceTree = "<group>"; };
		80590FB5215EC0F100626407 /* UIView+WebVideoCache.h */ = {isa = PBXFileReference; fileEncoding = 4; lastKnownFileType = sourcecode.c.h; path = "UIView+WebVideoCache.h"; sourceTree = "<group>"; };
		80590FB6215EC0F100626407 /* JPVideoPlayerResourceLoader.h */ = {isa = PBXFileReference; fileEncoding = 4; lastKnownFileType = sourcecode.c.h; path = JPVideoPlayerResourceLoader.h; sourceTree = "<group>"; };
		80590FB7215EC0F100626407 /* JPVideoPlayer.m */ = {isa = PBXFileReference; fileEncoding = 4; lastKnownFileType = sourcecode.c.objc; path = JPVideoPlayer.m; sourceTree = "<group>"; };
		80590FB8215EC0F100626407 /* JPVideoPlayerSupportUtils.m */ = {isa = PBXFileReference; fileEncoding = 4; lastKnownFileType = sourcecode.c.objc; path = JPVideoPlayerSupportUtils.m; sourceTree = "<group>"; };
		80590FB9215EC0F100626407 /* UITableViewCell+WebVideoCache.m */ = {isa = PBXFileReference; fileEncoding = 4; lastKnownFileType = sourcecode.c.objc; path = "UITableViewCell+WebVideoCache.m"; sourceTree = "<group>"; };
		80590FBA215EC0F100626407 /* JPVideoPlayerCachePath.m */ = {isa = PBXFileReference; fileEncoding = 4; lastKnownFileType = sourcecode.c.objc; path = JPVideoPlayerCachePath.m; sourceTree = "<group>"; };
		80590FBB215EC0F100626407 /* JPResourceLoadingRequestTask.m */ = {isa = PBXFileReference; fileEncoding = 4; lastKnownFileType = sourcecode.c.objc; path = JPResourceLoadingRequestTask.m; sourceTree = "<group>"; };
		80590FBE215EC0F100626407 /* VisionC+Scroll.swift */ = {isa = PBXFileReference; fileEncoding = 4; lastKnownFileType = sourcecode.swift; path = "VisionC+Scroll.swift"; sourceTree = "<group>"; };
		80590FBF215EC0F100626407 /* VisionController.swift */ = {isa = PBXFileReference; fileEncoding = 4; lastKnownFileType = sourcecode.swift; path = VisionController.swift; sourceTree = "<group>"; };
		80590FC0215EC0F100626407 /* ContentProvider.swift */ = {isa = PBXFileReference; fileEncoding = 4; lastKnownFileType = sourcecode.swift; path = ContentProvider.swift; sourceTree = "<group>"; };
		80590FC2215EC0F100626407 /* Video.xcassets */ = {isa = PBXFileReference; lastKnownFileType = folder.assetcatalog; path = Video.xcassets; sourceTree = "<group>"; };
		80590FC3215EC0F100626407 /* VideoC+Gesture.swift */ = {isa = PBXFileReference; fileEncoding = 4; lastKnownFileType = sourcecode.swift; path = "VideoC+Gesture.swift"; sourceTree = "<group>"; };
		80590FC4215EC0F100626407 /* VideoController.swift */ = {isa = PBXFileReference; fileEncoding = 4; lastKnownFileType = sourcecode.swift; path = VideoController.swift; sourceTree = "<group>"; };
		80590FC6215EC0F100626407 /* JPVideoPlayerDouyinViewController.h */ = {isa = PBXFileReference; fileEncoding = 4; lastKnownFileType = sourcecode.c.h; path = JPVideoPlayerDouyinViewController.h; sourceTree = "<group>"; };
		80590FC7215EC0F100626407 /* JPVideoPlayerDouyinViewController.m */ = {isa = PBXFileReference; fileEncoding = 4; lastKnownFileType = sourcecode.c.objc; path = JPVideoPlayerDouyinViewController.m; sourceTree = "<group>"; };
		BE2696C03DC38DFA56442BBB /* Pods-RelaxUITests.debug.xcconfig */ = {isa = PBXFileReference; includeInIndex = 1; lastKnownFileType = text.xcconfig; name = "Pods-RelaxUITests.debug.xcconfig"; path = "Pods/Target Support Files/Pods-RelaxUITests/Pods-RelaxUITests.debug.xcconfig"; sourceTree = "<group>"; };
		D181BF20EACE7BECCC84EA5A /* Pods-Relax.debug.xcconfig */ = {isa = PBXFileReference; includeInIndex = 1; lastKnownFileType = text.xcconfig; name = "Pods-Relax.debug.xcconfig"; path = "Pods/Target Support Files/Pods-Relax/Pods-Relax.debug.xcconfig"; sourceTree = "<group>"; };
		D356471AC767FA24E3ECE4C0 /* Pods_RelaxTests.framework */ = {isa = PBXFileReference; explicitFileType = wrapper.framework; includeInIndex = 0; path = Pods_RelaxTests.framework; sourceTree = BUILT_PRODUCTS_DIR; };
		D36264950ACA6C3F8A602730 /* Pods_Relax.framework */ = {isa = PBXFileReference; explicitFileType = wrapper.framework; includeInIndex = 0; path = Pods_Relax.framework; sourceTree = BUILT_PRODUCTS_DIR; };
		DCA7777CCC66A1C364615831 /* Pods-RelaxTests.debug.xcconfig */ = {isa = PBXFileReference; includeInIndex = 1; lastKnownFileType = text.xcconfig; name = "Pods-RelaxTests.debug.xcconfig"; path = "Pods/Target Support Files/Pods-RelaxTests/Pods-RelaxTests.debug.xcconfig"; sourceTree = "<group>"; };
		EA30D9CBDDC4902DE73B535D /* Pods_RelaxUITests.framework */ = {isa = PBXFileReference; explicitFileType = wrapper.framework; includeInIndex = 0; path = Pods_RelaxUITests.framework; sourceTree = BUILT_PRODUCTS_DIR; };
/* End PBXFileReference section */

/* Begin PBXFrameworksBuildPhase section */
		80590F53215EBAEE00626407 /* Frameworks */ = {
			isa = PBXFrameworksBuildPhase;
			buildActionMask = 2147483647;
			files = (
				73A43FAFB8F0EC0DBAAD34F8 /* Pods_Relax.framework in Frameworks */,
			);
			runOnlyForDeploymentPostprocessing = 0;
		};
		80590F67215EBAF000626407 /* Frameworks */ = {
			isa = PBXFrameworksBuildPhase;
			buildActionMask = 2147483647;
			files = (
				5ABA7C62FF90D8E46AB270AF /* Pods_RelaxTests.framework in Frameworks */,
			);
			runOnlyForDeploymentPostprocessing = 0;
		};
		80590F72215EBAF000626407 /* Frameworks */ = {
			isa = PBXFrameworksBuildPhase;
			buildActionMask = 2147483647;
			files = (
				04846FAEF6365DC342D3D664 /* Pods_RelaxUITests.framework in Frameworks */,
			);
			runOnlyForDeploymentPostprocessing = 0;
		};
/* End PBXFrameworksBuildPhase section */

/* Begin PBXGroup section */
		7331AD1ACEFA481768752E7A /* Pods */ = {
			isa = PBXGroup;
			children = (
				D181BF20EACE7BECCC84EA5A /* Pods-Relax.debug.xcconfig */,
				18B96BF6A7BE0061DB6D9DA2 /* Pods-Relax.release.xcconfig */,
				DCA7777CCC66A1C364615831 /* Pods-RelaxTests.debug.xcconfig */,
				05934CCCC2613125C0DD7074 /* Pods-RelaxTests.release.xcconfig */,
				BE2696C03DC38DFA56442BBB /* Pods-RelaxUITests.debug.xcconfig */,
				7C84328948D5165BBD6FC4CC /* Pods-RelaxUITests.release.xcconfig */,
			);
			name = Pods;
			sourceTree = "<group>";
		};
		80590F4D215EBAEE00626407 = {
			isa = PBXGroup;
			children = (
				80590F94215EC0F100626407 /* Vision */,
				80590F87215EBD5600626407 /* Basic */,
				80590F58215EBAEE00626407 /* Relax */,
				80590F6D215EBAF000626407 /* RelaxTests */,
				80590F78215EBAF000626407 /* RelaxUITests */,
				80590F57215EBAEE00626407 /* Products */,
				7331AD1ACEFA481768752E7A /* Pods */,
				A7CCB1FDE4E175824293459A /* Frameworks */,
			);
			sourceTree = "<group>";
		};
		80590F57215EBAEE00626407 /* Products */ = {
			isa = PBXGroup;
			children = (
				80590F56215EBAEE00626407 /* Relax.app */,
				80590F6A215EBAF000626407 /* RelaxTests.xctest */,
				80590F75215EBAF000626407 /* RelaxUITests.xctest */,
			);
			name = Products;
			sourceTree = "<group>";
		};
		80590F58215EBAEE00626407 /* Relax */ = {
			isa = PBXGroup;
			children = (
				80590F59215EBAEE00626407 /* AppDelegate.swift */,
				80590F5B215EBAEE00626407 /* ViewController.swift */,
				80590F91215EBDCB00626407 /* TestBridgingHeader.h */,
				80590F92215EBDCB00626407 /* TestBridgingHeader.m */,
				80590F8F215EBD6300626407 /* Relax-Bridging-Header.h */,
				80590F5D215EBAEE00626407 /* Main.storyboard */,
				80590F60215EBAF000626407 /* Assets.xcassets */,
				80590F62215EBAF000626407 /* LaunchScreen.storyboard */,
				80590F65215EBAF000626407 /* Info.plist */,
			);
			path = Relax;
			sourceTree = "<group>";
		};
		80590F6D215EBAF000626407 /* RelaxTests */ = {
			isa = PBXGroup;
			children = (
				80590F6E215EBAF000626407 /* RelaxTests.swift */,
				80590F70215EBAF000626407 /* Info.plist */,
			);
			path = RelaxTests;
			sourceTree = "<group>";
		};
		80590F78215EBAF000626407 /* RelaxUITests */ = {
			isa = PBXGroup;
			children = (
				80590F79215EBAF000626407 /* RelaxUITests.swift */,
				80590F7B215EBAF000626407 /* Info.plist */,
			);
			path = RelaxUITests;
			sourceTree = "<group>";
		};
		80590F87215EBD5600626407 /* Basic */ = {
			isa = PBXGroup;
			children = (
				80590F88215EBD5600626407 /* Tools */,
			);
			path = Basic;
			sourceTree = "<group>";
		};
		80590F88215EBD5600626407 /* Tools */ = {
			isa = PBXGroup;
			children = (
				80590F89215EBD5600626407 /* Animation.swift */,
				80590F8A215EBD5600626407 /* UIColor.swift */,
				80590F8B215EBD5600626407 /* FromNib.swift */,
			);
			path = Tools;
			sourceTree = "<group>";
		};
		80590F94215EC0F100626407 /* Vision */ = {
			isa = PBXGroup;
			children = (
				80590F95215EC0F100626407 /* Relax_Vision-Bridging-Header.h */,
				80590F96215EC0F100626407 /* LikeAnimation */,
				80590F9C215EC0F100626407 /* JPVideoPlayer */,
				80590FBC215EC0F100626407 /* VideoController */,
			);
			path = Vision;
			sourceTree = "<group>";
		};
		80590F96215EC0F100626407 /* LikeAnimation */ = {
			isa = PBXGroup;
			children = (
				80590F97215EC0F100626407 /* YPDouYinLikeAnimation.h */,
				80590F98215EC0F100626407 /* Resources */,
				80590F9B215EC0F100626407 /* YPDouYinLikeAnimation.m */,
			);
			path = LikeAnimation;
			sourceTree = "<group>";
		};
		80590F98215EC0F100626407 /* Resources */ = {
			isa = PBXGroup;
			children = (
				80590F99215EC0F100626407 /* yp_video_like@2x.png */,
				80590F9A215EC0F100626407 /* yp_video_like@3x.png */,
			);
			path = Resources;
			sourceTree = "<group>";
		};
		80590F9C215EC0F100626407 /* JPVideoPlayer */ = {
			isa = PBXGroup;
			children = (
				80590F9D215EC0F100626407 /* JPVideoPlayerManager.h */,
				80590F9E215EC0F100626407 /* UITableView+WebVideoCache.h */,
				80590F9F215EC0F100626407 /* JPVideoPlayerDownloader.m */,
				80590FA0215EC0F100626407 /* JPVideoPlayerCache.m */,
				80590FA1215EC0F100626407 /* JPVideoPlayerCacheFile.h */,
				80590FA2215EC0F100626407 /* JPVideoPlayerControlViews.h */,
				80590FA3215EC0F100626407 /* UIView+WebVideoCache.m */,
				80590FA4215EC0F100626407 /* JPVideoPlayerCompat.m */,
				80590FA5215EC0F100626407 /* JPVideoPlayerProtocol.h */,
				80590FA6215EC0F100626407 /* JPVideoPlayerKit.h */,
				80590FA7215EC0F100626407 /* JPVideoPlayer.h */,
				80590FA8215EC0F100626407 /* JPVideoPlayerResourceLoader.m */,
				80590FA9215EC0F100626407 /* JPResourceLoadingRequestTask.h */,
				80590FAA215EC0F100626407 /* JPVideoPlayerCachePath.h */,
				80590FAB215EC0F100626407 /* UITableViewCell+WebVideoCache.h */,
				80590FAC215EC0F100626407 /* JPVideoPlayerSupportUtils.h */,
				80590FAD215EC0F100626407 /* JPVideoPlayerCacheFile.m */,
				80590FAE215EC0F100626407 /* JPVideoPlayerControlViews.m */,
				80590FAF215EC0F100626407 /* JPVideoPlayerCache.h */,
				80590FB0215EC0F100626407 /* JPVideoPlayer.bundle */,
				80590FB1215EC0F100626407 /* JPVideoPlayerDownloader.h */,
				80590FB2215EC0F100626407 /* UITableView+WebVideoCache.m */,
				80590FB3215EC0F100626407 /* JPVideoPlayerManager.m */,
				80590FB4215EC0F100626407 /* JPVideoPlayerCompat.h */,
				80590FB5215EC0F100626407 /* UIView+WebVideoCache.h */,
				80590FB6215EC0F100626407 /* JPVideoPlayerResourceLoader.h */,
				80590FB7215EC0F100626407 /* JPVideoPlayer.m */,
				80590FB8215EC0F100626407 /* JPVideoPlayerSupportUtils.m */,
				80590FB9215EC0F100626407 /* UITableViewCell+WebVideoCache.m */,
				80590FBA215EC0F100626407 /* JPVideoPlayerCachePath.m */,
				80590FBB215EC0F100626407 /* JPResourceLoadingRequestTask.m */,
			);
			path = JPVideoPlayer;
			sourceTree = "<group>";
		};
		80590FBC215EC0F100626407 /* VideoController */ = {
			isa = PBXGroup;
			children = (
				80590FBD215EC0F100626407 /* VisionController */,
				80590FC2215EC0F100626407 /* Video.xcassets */,
				80590FC3215EC0F100626407 /* VideoC+Gesture.swift */,
				80590FC4215EC0F100626407 /* VideoController.swift */,
				80590FC5215EC0F100626407 /* DouyinSample */,
			);
			path = VideoController;
			sourceTree = "<group>";
		};
		80590FBD215EC0F100626407 /* VisionController */ = {
			isa = PBXGroup;
			children = (
				80590FBE215EC0F100626407 /* VisionC+Scroll.swift */,
				80590FBF215EC0F100626407 /* VisionController.swift */,
				80590FC0215EC0F100626407 /* ContentProvider.swift */,
			);
			path = VisionController;
			sourceTree = "<group>";
		};
		80590FC5215EC0F100626407 /* DouyinSample */ = {
			isa = PBXGroup;
			children = (
				80590FC6215EC0F100626407 /* JPVideoPlayerDouyinViewController.h */,
				80590FC7215EC0F100626407 /* JPVideoPlayerDouyinViewController.m */,
			);
			path = DouyinSample;
			sourceTree = "<group>";
		};
		A7CCB1FDE4E175824293459A /* Frameworks */ = {
			isa = PBXGroup;
			children = (
				D36264950ACA6C3F8A602730 /* Pods_Relax.framework */,
				D356471AC767FA24E3ECE4C0 /* Pods_RelaxTests.framework */,
				EA30D9CBDDC4902DE73B535D /* Pods_RelaxUITests.framework */,
			);
			name = Frameworks;
			sourceTree = "<group>";
		};
/* End PBXGroup section */

/* Begin PBXNativeTarget section */
		80590F55215EBAEE00626407 /* Relax */ = {
			isa = PBXNativeTarget;
			buildConfigurationList = 80590F7E215EBAF000626407 /* Build configuration list for PBXNativeTarget "Relax" */;
			buildPhases = (
				E67838EE1A9C966E38AD5ABD /* [CP] Check Pods Manifest.lock */,
				80590F52215EBAEE00626407 /* Sources */,
				80590F53215EBAEE00626407 /* Frameworks */,
				80590F54215EBAEE00626407 /* Resources */,
			);
			buildRules = (
			);
			dependencies = (
			);
			name = Relax;
			productName = Relax;
			productReference = 80590F56215EBAEE00626407 /* Relax.app */;
			productType = "com.apple.product-type.application";
		};
		80590F69215EBAF000626407 /* RelaxTests */ = {
			isa = PBXNativeTarget;
			buildConfigurationList = 80590F81215EBAF000626407 /* Build configuration list for PBXNativeTarget "RelaxTests" */;
			buildPhases = (
				2D93450E04B68AE89EC855C7 /* [CP] Check Pods Manifest.lock */,
				80590F66215EBAF000626407 /* Sources */,
				80590F67215EBAF000626407 /* Frameworks */,
				80590F68215EBAF000626407 /* Resources */,
			);
			buildRules = (
			);
			dependencies = (
				80590F6C215EBAF000626407 /* PBXTargetDependency */,
			);
			name = RelaxTests;
			productName = RelaxTests;
			productReference = 80590F6A215EBAF000626407 /* RelaxTests.xctest */;
			productType = "com.apple.product-type.bundle.unit-test";
		};
		80590F74215EBAF000626407 /* RelaxUITests */ = {
			isa = PBXNativeTarget;
			buildConfigurationList = 80590F84215EBAF000626407 /* Build configuration list for PBXNativeTarget "RelaxUITests" */;
			buildPhases = (
				A662EC3C29845515DBCDD974 /* [CP] Check Pods Manifest.lock */,
				80590F71215EBAF000626407 /* Sources */,
				80590F72215EBAF000626407 /* Frameworks */,
				80590F73215EBAF000626407 /* Resources */,
			);
			buildRules = (
			);
			dependencies = (
				80590F77215EBAF000626407 /* PBXTargetDependency */,
			);
			name = RelaxUITests;
			productName = RelaxUITests;
			productReference = 80590F75215EBAF000626407 /* RelaxUITests.xctest */;
			productType = "com.apple.product-type.bundle.ui-testing";
		};
/* End PBXNativeTarget section */

/* Begin PBXProject section */
		80590F4E215EBAEE00626407 /* Project object */ = {
			isa = PBXProject;
			attributes = {
				LastSwiftUpdateCheck = 0940;
				LastUpgradeCheck = 0940;
				ORGANIZATIONNAME = henryyi;
				TargetAttributes = {
					80590F55215EBAEE00626407 = {
						CreatedOnToolsVersion = 9.4.1;
						LastSwiftMigration = 0940;
					};
					80590F69215EBAF000626407 = {
						CreatedOnToolsVersion = 9.4.1;
						TestTargetID = 80590F55215EBAEE00626407;
					};
					80590F74215EBAF000626407 = {
						CreatedOnToolsVersion = 9.4.1;
						TestTargetID = 80590F55215EBAEE00626407;
					};
				};
			};
			buildConfigurationList = 80590F51215EBAEE00626407 /* Build configuration list for PBXProject "Relax" */;
			compatibilityVersion = "Xcode 9.3";
			developmentRegion = en;
			hasScannedForEncodings = 0;
			knownRegions = (
				en,
				Base,
			);
			mainGroup = 80590F4D215EBAEE00626407;
			productRefGroup = 80590F57215EBAEE00626407 /* Products */;
			projectDirPath = "";
			projectRoot = "";
			targets = (
				80590F55215EBAEE00626407 /* Relax */,
				80590F69215EBAF000626407 /* RelaxTests */,
				80590F74215EBAF000626407 /* RelaxUITests */,
			);
		};
/* End PBXProject section */

/* Begin PBXResourcesBuildPhase section */
		80590F54215EBAEE00626407 /* Resources */ = {
			isa = PBXResourcesBuildPhase;
			buildActionMask = 2147483647;
			files = (
				80590FC8215EC0F200626407 /* yp_video_like@2x.png in Resources */,
				80590FDE215EC0F200626407 /* Video.xcassets in Resources */,
				80590FC9215EC0F200626407 /* yp_video_like@3x.png in Resources */,
				80590F64215EBAF000626407 /* LaunchScreen.storyboard in Resources */,
				80590F61215EBAF000626407 /* Assets.xcassets in Resources */,
				80590FD2215EC0F200626407 /* JPVideoPlayer.bundle in Resources */,
				80590F5F215EBAEE00626407 /* Main.storyboard in Resources */,
			);
			runOnlyForDeploymentPostprocessing = 0;
		};
		80590F68215EBAF000626407 /* Resources */ = {
			isa = PBXResourcesBuildPhase;
			buildActionMask = 2147483647;
			files = (
			);
			runOnlyForDeploymentPostprocessing = 0;
		};
		80590F73215EBAF000626407 /* Resources */ = {
			isa = PBXResourcesBuildPhase;
			buildActionMask = 2147483647;
			files = (
			);
			runOnlyForDeploymentPostprocessing = 0;
		};
/* End PBXResourcesBuildPhase section */

/* Begin PBXShellScriptBuildPhase section */
		2D93450E04B68AE89EC855C7 /* [CP] Check Pods Manifest.lock */ = {
			isa = PBXShellScriptBuildPhase;
			buildActionMask = 2147483647;
			files = (
			);
			inputPaths = (
				"${PODS_PODFILE_DIR_PATH}/Podfile.lock",
				"${PODS_ROOT}/Manifest.lock",
			);
			name = "[CP] Check Pods Manifest.lock";
			outputPaths = (
				"$(DERIVED_FILE_DIR)/Pods-RelaxTests-checkManifestLockResult.txt",
			);
			runOnlyForDeploymentPostprocessing = 0;
			shellPath = /bin/sh;
			shellScript = "diff \"${PODS_PODFILE_DIR_PATH}/Podfile.lock\" \"${PODS_ROOT}/Manifest.lock\" > /dev/null\nif [ $? != 0 ] ; then\n    # print error to STDERR\n    echo \"error: The sandbox is not in sync with the Podfile.lock. Run 'pod install' or update your CocoaPods installation.\" >&2\n    exit 1\nfi\n# This output is used by Xcode 'outputs' to avoid re-running this script phase.\necho \"SUCCESS\" > \"${SCRIPT_OUTPUT_FILE_0}\"\n";
			showEnvVarsInLog = 0;
		};
		A662EC3C29845515DBCDD974 /* [CP] Check Pods Manifest.lock */ = {
			isa = PBXShellScriptBuildPhase;
			buildActionMask = 2147483647;
			files = (
			);
			inputPaths = (
				"${PODS_PODFILE_DIR_PATH}/Podfile.lock",
				"${PODS_ROOT}/Manifest.lock",
			);
			name = "[CP] Check Pods Manifest.lock";
			outputPaths = (
				"$(DERIVED_FILE_DIR)/Pods-RelaxUITests-checkManifestLockResult.txt",
			);
			runOnlyForDeploymentPostprocessing = 0;
			shellPath = /bin/sh;
			shellScript = "diff \"${PODS_PODFILE_DIR_PATH}/Podfile.lock\" \"${PODS_ROOT}/Manifest.lock\" > /dev/null\nif [ $? != 0 ] ; then\n    # print error to STDERR\n    echo \"error: The sandbox is not in sync with the Podfile.lock. Run 'pod install' or update your CocoaPods installation.\" >&2\n    exit 1\nfi\n# This output is used by Xcode 'outputs' to avoid re-running this script phase.\necho \"SUCCESS\" > \"${SCRIPT_OUTPUT_FILE_0}\"\n";
			showEnvVarsInLog = 0;
		};
		E67838EE1A9C966E38AD5ABD /* [CP] Check Pods Manifest.lock */ = {
			isa = PBXShellScriptBuildPhase;
			buildActionMask = 2147483647;
			files = (
			);
			inputPaths = (
				"${PODS_PODFILE_DIR_PATH}/Podfile.lock",
				"${PODS_ROOT}/Manifest.lock",
			);
			name = "[CP] Check Pods Manifest.lock";
			outputPaths = (
				"$(DERIVED_FILE_DIR)/Pods-Relax-checkManifestLockResult.txt",
			);
			runOnlyForDeploymentPostprocessing = 0;
			shellPath = /bin/sh;
			shellScript = "diff \"${PODS_PODFILE_DIR_PATH}/Podfile.lock\" \"${PODS_ROOT}/Manifest.lock\" > /dev/null\nif [ $? != 0 ] ; then\n    # print error to STDERR\n    echo \"error: The sandbox is not in sync with the Podfile.lock. Run 'pod install' or update your CocoaPods installation.\" >&2\n    exit 1\nfi\n# This output is used by Xcode 'outputs' to avoid re-running this script phase.\necho \"SUCCESS\" > \"${SCRIPT_OUTPUT_FILE_0}\"\n";
			showEnvVarsInLog = 0;
		};
/* End PBXShellScriptBuildPhase section */

/* Begin PBXSourcesBuildPhase section */
		80590F52215EBAEE00626407 /* Sources */ = {
			isa = PBXSourcesBuildPhase;
			buildActionMask = 2147483647;
			files = (
				80590FDB215EC0F200626407 /* VisionController.swift in Sources */,
				80590FD9215EC0F200626407 /* JPResourceLoadingRequestTask.m in Sources */,
				80590F93215EBDCB00626407 /* TestBridgingHeader.m in Sources */,
				80590FCF215EC0F200626407 /* JPVideoPlayerResourceLoader.m in Sources */,
				80590FCB215EC0F200626407 /* JPVideoPlayerDownloader.m in Sources */,
				80590FE1215EC0F200626407 /* JPVideoPlayerDouyinViewController.m in Sources */,
				80590FCA215EC0F200626407 /* YPDouYinLikeAnimation.m in Sources */,
				80590FDC215EC0F200626407 /* ContentProvider.swift in Sources */,
				80590F5C215EBAEE00626407 /* ViewController.swift in Sources */,
				80590FD3215EC0F200626407 /* UITableView+WebVideoCache.m in Sources */,
				80590F8D215EBD5600626407 /* UIColor.swift in Sources */,
				80590FD0215EC0F200626407 /* JPVideoPlayerCacheFile.m in Sources */,
				80590FD7215EC0F200626407 /* UITableViewCell+WebVideoCache.m in Sources */,
				80590FD1215EC0F200626407 /* JPVideoPlayerControlViews.m in Sources */,
				80590F8C215EBD5600626407 /* Animation.swift in Sources */,
				80590FD4215EC0F200626407 /* JPVideoPlayerManager.m in Sources */,
				80590FD5215EC0F200626407 /* JPVideoPlayer.m in Sources */,
				80590FCD215EC0F200626407 /* UIView+WebVideoCache.m in Sources */,
				80590F5A215EBAEE00626407 /* AppDelegate.swift in Sources */,
				80590FDA215EC0F200626407 /* VisionC+Scroll.swift in Sources */,
				80590FD6215EC0F200626407 /* JPVideoPlayerSupportUtils.m in Sources */,
				80590F8E215EBD5600626407 /* FromNib.swift in Sources */,
				80590FCC215EC0F200626407 /* JPVideoPlayerCache.m in Sources */,
				80590FDF215EC0F200626407 /* VideoC+Gesture.swift in Sources */,
				80590FD8215EC0F200626407 /* JPVideoPlayerCachePath.m in Sources */,
				80590FCE215EC0F200626407 /* JPVideoPlayerCompat.m in Sources */,
				80590FE0215EC0F200626407 /* VideoController.swift in Sources */,
			);
			runOnlyForDeploymentPostprocessing = 0;
		};
		80590F66215EBAF000626407 /* Sources */ = {
			isa = PBXSourcesBuildPhase;
			buildActionMask = 2147483647;
			files = (
				80590F6F215EBAF000626407 /* RelaxTests.swift in Sources */,
			);
			runOnlyForDeploymentPostprocessing = 0;
		};
		80590F71215EBAF000626407 /* Sources */ = {
			isa = PBXSourcesBuildPhase;
			buildActionMask = 2147483647;
			files = (
				80590F7A215EBAF000626407 /* RelaxUITests.swift in Sources */,
			);
			runOnlyForDeploymentPostprocessing = 0;
		};
/* End PBXSourcesBuildPhase section */

/* Begin PBXTargetDependency section */
		80590F6C215EBAF000626407 /* PBXTargetDependency */ = {
			isa = PBXTargetDependency;
			target = 80590F55215EBAEE00626407 /* Relax */;
			targetProxy = 80590F6B215EBAF000626407 /* PBXContainerItemProxy */;
		};
		80590F77215EBAF000626407 /* PBXTargetDependency */ = {
			isa = PBXTargetDependency;
			target = 80590F55215EBAEE00626407 /* Relax */;
			targetProxy = 80590F76215EBAF000626407 /* PBXContainerItemProxy */;
		};
/* End PBXTargetDependency section */

/* Begin PBXVariantGroup section */
		80590F5D215EBAEE00626407 /* Main.storyboard */ = {
			isa = PBXVariantGroup;
			children = (
				80590F5E215EBAEE00626407 /* Base */,
			);
			name = Main.storyboard;
			sourceTree = "<group>";
		};
		80590F62215EBAF000626407 /* LaunchScreen.storyboard */ = {
			isa = PBXVariantGroup;
			children = (
				80590F63215EBAF000626407 /* Base */,
			);
			name = LaunchScreen.storyboard;
			sourceTree = "<group>";
		};
/* End PBXVariantGroup section */

/* Begin XCBuildConfiguration section */
		80590F7C215EBAF000626407 /* Debug */ = {
			isa = XCBuildConfiguration;
			buildSettings = {
				ALWAYS_SEARCH_USER_PATHS = NO;
				CLANG_ANALYZER_NONNULL = YES;
				CLANG_ANALYZER_NUMBER_OBJECT_CONVERSION = YES_AGGRESSIVE;
				CLANG_CXX_LANGUAGE_STANDARD = "gnu++14";
				CLANG_CXX_LIBRARY = "libc++";
				CLANG_ENABLE_MODULES = YES;
				CLANG_ENABLE_OBJC_ARC = YES;
				CLANG_ENABLE_OBJC_WEAK = YES;
				CLANG_WARN_BLOCK_CAPTURE_AUTORELEASING = YES;
				CLANG_WARN_BOOL_CONVERSION = YES;
				CLANG_WARN_COMMA = YES;
				CLANG_WARN_CONSTANT_CONVERSION = YES;
				CLANG_WARN_DEPRECATED_OBJC_IMPLEMENTATIONS = YES;
				CLANG_WARN_DIRECT_OBJC_ISA_USAGE = YES_ERROR;
				CLANG_WARN_DOCUMENTATION_COMMENTS = YES;
				CLANG_WARN_EMPTY_BODY = YES;
				CLANG_WARN_ENUM_CONVERSION = YES;
				CLANG_WARN_INFINITE_RECURSION = YES;
				CLANG_WARN_INT_CONVERSION = YES;
				CLANG_WARN_NON_LITERAL_NULL_CONVERSION = YES;
				CLANG_WARN_OBJC_IMPLICIT_RETAIN_SELF = YES;
				CLANG_WARN_OBJC_LITERAL_CONVERSION = YES;
				CLANG_WARN_OBJC_ROOT_CLASS = YES_ERROR;
				CLANG_WARN_RANGE_LOOP_ANALYSIS = YES;
				CLANG_WARN_STRICT_PROTOTYPES = YES;
				CLANG_WARN_SUSPICIOUS_MOVE = YES;
				CLANG_WARN_UNGUARDED_AVAILABILITY = YES_AGGRESSIVE;
				CLANG_WARN_UNREACHABLE_CODE = YES;
				CLANG_WARN__DUPLICATE_METHOD_MATCH = YES;
				CODE_SIGN_IDENTITY = "iPhone Developer";
				COPY_PHASE_STRIP = NO;
				DEBUG_INFORMATION_FORMAT = dwarf;
				ENABLE_STRICT_OBJC_MSGSEND = YES;
				ENABLE_TESTABILITY = YES;
				GCC_C_LANGUAGE_STANDARD = gnu11;
				GCC_DYNAMIC_NO_PIC = NO;
				GCC_NO_COMMON_BLOCKS = YES;
				GCC_OPTIMIZATION_LEVEL = 0;
				GCC_PREPROCESSOR_DEFINITIONS = (
					"DEBUG=1",
					"$(inherited)",
				);
				GCC_WARN_64_TO_32_BIT_CONVERSION = YES;
				GCC_WARN_ABOUT_RETURN_TYPE = YES_ERROR;
				GCC_WARN_UNDECLARED_SELECTOR = YES;
				GCC_WARN_UNINITIALIZED_AUTOS = YES_AGGRESSIVE;
				GCC_WARN_UNUSED_FUNCTION = YES;
				GCC_WARN_UNUSED_VARIABLE = YES;
				IPHONEOS_DEPLOYMENT_TARGET = 11.4;
				MTL_ENABLE_DEBUG_INFO = YES;
				ONLY_ACTIVE_ARCH = YES;
				SDKROOT = iphoneos;
				SWIFT_ACTIVE_COMPILATION_CONDITIONS = DEBUG;
				SWIFT_OPTIMIZATION_LEVEL = "-Onone";
			};
			name = Debug;
		};
		80590F7D215EBAF000626407 /* Release */ = {
			isa = XCBuildConfiguration;
			buildSettings = {
				ALWAYS_SEARCH_USER_PATHS = NO;
				CLANG_ANALYZER_NONNULL = YES;
				CLANG_ANALYZER_NUMBER_OBJECT_CONVERSION = YES_AGGRESSIVE;
				CLANG_CXX_LANGUAGE_STANDARD = "gnu++14";
				CLANG_CXX_LIBRARY = "libc++";
				CLANG_ENABLE_MODULES = YES;
				CLANG_ENABLE_OBJC_ARC = YES;
				CLANG_ENABLE_OBJC_WEAK = YES;
				CLANG_WARN_BLOCK_CAPTURE_AUTORELEASING = YES;
				CLANG_WARN_BOOL_CONVERSION = YES;
				CLANG_WARN_COMMA = YES;
				CLANG_WARN_CONSTANT_CONVERSION = YES;
				CLANG_WARN_DEPRECATED_OBJC_IMPLEMENTATIONS = YES;
				CLANG_WARN_DIRECT_OBJC_ISA_USAGE = YES_ERROR;
				CLANG_WARN_DOCUMENTATION_COMMENTS = YES;
				CLANG_WARN_EMPTY_BODY = YES;
				CLANG_WARN_ENUM_CONVERSION = YES;
				CLANG_WARN_INFINITE_RECURSION = YES;
				CLANG_WARN_INT_CONVERSION = YES;
				CLANG_WARN_NON_LITERAL_NULL_CONVERSION = YES;
				CLANG_WARN_OBJC_IMPLICIT_RETAIN_SELF = YES;
				CLANG_WARN_OBJC_LITERAL_CONVERSION = YES;
				CLANG_WARN_OBJC_ROOT_CLASS = YES_ERROR;
				CLANG_WARN_RANGE_LOOP_ANALYSIS = YES;
				CLANG_WARN_STRICT_PROTOTYPES = YES;
				CLANG_WARN_SUSPICIOUS_MOVE = YES;
				CLANG_WARN_UNGUARDED_AVAILABILITY = YES_AGGRESSIVE;
				CLANG_WARN_UNREACHABLE_CODE = YES;
				CLANG_WARN__DUPLICATE_METHOD_MATCH = YES;
				CODE_SIGN_IDENTITY = "iPhone Developer";
				COPY_PHASE_STRIP = NO;
				DEBUG_INFORMATION_FORMAT = "dwarf-with-dsym";
				ENABLE_NS_ASSERTIONS = NO;
				ENABLE_STRICT_OBJC_MSGSEND = YES;
				GCC_C_LANGUAGE_STANDARD = gnu11;
				GCC_NO_COMMON_BLOCKS = YES;
				GCC_WARN_64_TO_32_BIT_CONVERSION = YES;
				GCC_WARN_ABOUT_RETURN_TYPE = YES_ERROR;
				GCC_WARN_UNDECLARED_SELECTOR = YES;
				GCC_WARN_UNINITIALIZED_AUTOS = YES_AGGRESSIVE;
				GCC_WARN_UNUSED_FUNCTION = YES;
				GCC_WARN_UNUSED_VARIABLE = YES;
				IPHONEOS_DEPLOYMENT_TARGET = 11.4;
				MTL_ENABLE_DEBUG_INFO = NO;
				SDKROOT = iphoneos;
				SWIFT_COMPILATION_MODE = wholemodule;
				SWIFT_OPTIMIZATION_LEVEL = "-O";
				VALIDATE_PRODUCT = YES;
			};
			name = Release;
		};
		80590F7F215EBAF000626407 /* Debug */ = {
			isa = XCBuildConfiguration;
			baseConfigurationReference = D181BF20EACE7BECCC84EA5A /* Pods-Relax.debug.xcconfig */;
			buildSettings = {
				ASSETCATALOG_COMPILER_APPICON_NAME = AppIcon;
				CLANG_ENABLE_MODULES = YES;
				CODE_SIGN_STYLE = Automatic;
				DEVELOPMENT_TEAM = 7P3926LM3S;
				INFOPLIST_FILE = Relax/Info.plist;
				IPHONEOS_DEPLOYMENT_TARGET = 11.0;
				LD_RUNPATH_SEARCH_PATHS = (
					"$(inherited)",
					"@executable_path/Frameworks",
				);
				PRODUCT_BUNDLE_IDENTIFIER = com.henryyi.Relax;
				PRODUCT_NAME = "$(TARGET_NAME)";
				SWIFT_OBJC_BRIDGING_HEADER = "Relax/Relax-Bridging-Header.h";
				SWIFT_OPTIMIZATION_LEVEL = "-Onone";
				SWIFT_VERSION = 4.0;
				TARGETED_DEVICE_FAMILY = 1;
			};
			name = Debug;
		};
		80590F80215EBAF000626407 /* Release */ = {
			isa = XCBuildConfiguration;
			baseConfigurationReference = 18B96BF6A7BE0061DB6D9DA2 /* Pods-Relax.release.xcconfig */;
			buildSettings = {
				ASSETCATALOG_COMPILER_APPICON_NAME = AppIcon;
				CLANG_ENABLE_MODULES = YES;
				CODE_SIGN_STYLE = Automatic;
				DEVELOPMENT_TEAM = 7P3926LM3S;
				INFOPLIST_FILE = Relax/Info.plist;
				IPHONEOS_DEPLOYMENT_TARGET = 11.0;
				LD_RUNPATH_SEARCH_PATHS = (
					"$(inherited)",
					"@executable_path/Frameworks",
				);
				PRODUCT_BUNDLE_IDENTIFIER = com.henryyi.Relax;
				PRODUCT_NAME = "$(TARGET_NAME)";
				SWIFT_OBJC_BRIDGING_HEADER = "Relax/Relax-Bridging-Header.h";
				SWIFT_VERSION = 4.0;
				TARGETED_DEVICE_FAMILY = 1;
			};
			name = Release;
		};
		80590F82215EBAF000626407 /* Debug */ = {
			isa = XCBuildConfiguration;
			baseConfigurationReference = DCA7777CCC66A1C364615831 /* Pods-RelaxTests.debug.xcconfig */;
			buildSettings = {
				ALWAYS_EMBED_SWIFT_STANDARD_LIBRARIES = YES;
				BUNDLE_LOADER = "$(TEST_HOST)";
				CODE_SIGN_STYLE = Automatic;
				DEVELOPMENT_TEAM = 7P3926LM3S;
				INFOPLIST_FILE = RelaxTests/Info.plist;
				LD_RUNPATH_SEARCH_PATHS = (
					"$(inherited)",
					"@executable_path/Frameworks",
					"@loader_path/Frameworks",
				);
				PRODUCT_BUNDLE_IDENTIFIER = com.henryyi.RelaxTests;
				PRODUCT_NAME = "$(TARGET_NAME)";
				SWIFT_VERSION = 4.0;
				TARGETED_DEVICE_FAMILY = "1,2";
				TEST_HOST = "$(BUILT_PRODUCTS_DIR)/Relax.app/Relax";
			};
			name = Debug;
		};
		80590F83215EBAF000626407 /* Release */ = {
			isa = XCBuildConfiguration;
			baseConfigurationReference = 05934CCCC2613125C0DD7074 /* Pods-RelaxTests.release.xcconfig */;
			buildSettings = {
				ALWAYS_EMBED_SWIFT_STANDARD_LIBRARIES = YES;
				BUNDLE_LOADER = "$(TEST_HOST)";
				CODE_SIGN_STYLE = Automatic;
				DEVELOPMENT_TEAM = 7P3926LM3S;
				INFOPLIST_FILE = RelaxTests/Info.plist;
				LD_RUNPATH_SEARCH_PATHS = (
					"$(inherited)",
					"@executable_path/Frameworks",
					"@loader_path/Frameworks",
				);
				PRODUCT_BUNDLE_IDENTIFIER = com.henryyi.RelaxTests;
				PRODUCT_NAME = "$(TARGET_NAME)";
				SWIFT_VERSION = 4.0;
				TARGETED_DEVICE_FAMILY = "1,2";
				TEST_HOST = "$(BUILT_PRODUCTS_DIR)/Relax.app/Relax";
			};
			name = Release;
		};
		80590F85215EBAF000626407 /* Debug */ = {
			isa = XCBuildConfiguration;
			baseConfigurationReference = BE2696C03DC38DFA56442BBB /* Pods-RelaxUITests.debug.xcconfig */;
			buildSettings = {
				ALWAYS_EMBED_SWIFT_STANDARD_LIBRARIES = YES;
				CODE_SIGN_STYLE = Automatic;
				DEVELOPMENT_TEAM = 7P3926LM3S;
				INFOPLIST_FILE = RelaxUITests/Info.plist;
				LD_RUNPATH_SEARCH_PATHS = (
					"$(inherited)",
					"@executable_path/Frameworks",
					"@loader_path/Frameworks",
				);
				PRODUCT_BUNDLE_IDENTIFIER = com.henryyi.RelaxUITests;
				PRODUCT_NAME = "$(TARGET_NAME)";
				SWIFT_VERSION = 4.0;
				TARGETED_DEVICE_FAMILY = "1,2";
				TEST_TARGET_NAME = Relax;
			};
			name = Debug;
		};
		80590F86215EBAF000626407 /* Release */ = {
			isa = XCBuildConfiguration;
			baseConfigurationReference = 7C84328948D5165BBD6FC4CC /* Pods-RelaxUITests.release.xcconfig */;
			buildSettings = {
				ALWAYS_EMBED_SWIFT_STANDARD_LIBRARIES = YES;
				CODE_SIGN_STYLE = Automatic;
				DEVELOPMENT_TEAM = 7P3926LM3S;
				INFOPLIST_FILE = RelaxUITests/Info.plist;
				LD_RUNPATH_SEARCH_PATHS = (
					"$(inherited)",
					"@executable_path/Frameworks",
					"@loader_path/Frameworks",
				);
				PRODUCT_BUNDLE_IDENTIFIER = com.henryyi.RelaxUITests;
				PRODUCT_NAME = "$(TARGET_NAME)";
				SWIFT_VERSION = 4.0;
				TARGETED_DEVICE_FAMILY = "1,2";
				TEST_TARGET_NAME = Relax;
			};
			name = Release;
		};
/* End XCBuildConfiguration section */

/* Begin XCConfigurationList section */
		80590F51215EBAEE00626407 /* Build configuration list for PBXProject "Relax" */ = {
			isa = XCConfigurationList;
			buildConfigurations = (
				80590F7C215EBAF000626407 /* Debug */,
				80590F7D215EBAF000626407 /* Release */,
			);
			defaultConfigurationIsVisible = 0;
			defaultConfigurationName = Release;
		};
		80590F7E215EBAF000626407 /* Build configuration list for PBXNativeTarget "Relax" */ = {
			isa = XCConfigurationList;
			buildConfigurations = (
				80590F7F215EBAF000626407 /* Debug */,
				80590F80215EBAF000626407 /* Release */,
			);
			defaultConfigurationIsVisible = 0;
			defaultConfigurationName = Release;
		};
		80590F81215EBAF000626407 /* Build configuration list for PBXNativeTarget "RelaxTests" */ = {
			isa = XCConfigurationList;
			buildConfigurations = (
				80590F82215EBAF000626407 /* Debug */,
				80590F83215EBAF000626407 /* Release */,
			);
			defaultConfigurationIsVisible = 0;
			defaultConfigurationName = Release;
		};
		80590F84215EBAF000626407 /* Build configuration list for PBXNativeTarget "RelaxUITests" */ = {
			isa = XCConfigurationList;
			buildConfigurations = (
				80590F85215EBAF000626407 /* Debug */,
				80590F86215EBAF000626407 /* Release */,
			);
			defaultConfigurationIsVisible = 0;
			defaultConfigurationName = Release;
		};
/* End XCConfigurationList section */
	};
	rootObject = 80590F4E215EBAEE00626407 /* Project object */;
}
